// !$*UTF8*$!
{
	archiveVersion = 1;
	classes = {
	};
	objectVersion = 55;
	objects = {

/* Begin PBXBuildFile section */
		C842B110278B7EC7007100A4 /* AppDelegate.swift in Sources */ = {isa = PBXBuildFile; fileRef = C842B10F278B7EC7007100A4 /* AppDelegate.swift */; };
		C842B112278B7EC7007100A4 /* SceneDelegate.swift in Sources */ = {isa = PBXBuildFile; fileRef = C842B111278B7EC7007100A4 /* SceneDelegate.swift */; };
		C842B114278B7EC7007100A4 /* ViewController.swift in Sources */ = {isa = PBXBuildFile; fileRef = C842B113278B7EC7007100A4 /* ViewController.swift */; };
		C842B117278B7EC7007100A4 /* Main.storyboard in Resources */ = {isa = PBXBuildFile; fileRef = C842B115278B7EC7007100A4 /* Main.storyboard */; };
		C842B119278B7EC8007100A4 /* Assets.xcassets in Resources */ = {isa = PBXBuildFile; fileRef = C842B118278B7EC8007100A4 /* Assets.xcassets */; };
		C842B11C278B7EC8007100A4 /* LaunchScreen.storyboard in Resources */ = {isa = PBXBuildFile; fileRef = C842B11A278B7EC8007100A4 /* LaunchScreen.storyboard */; };
		C842B127278B7EC8007100A4 /* WorldTrotterTests.swift in Sources */ = {isa = PBXBuildFile; fileRef = C842B126278B7EC8007100A4 /* WorldTrotterTests.swift */; };
		C842B131278B7EC8007100A4 /* WorldTrotterUITests.swift in Sources */ = {isa = PBXBuildFile; fileRef = C842B130278B7EC8007100A4 /* WorldTrotterUITests.swift */; };
		C842B133278B7EC8007100A4 /* WorldTrotterUITestsLaunchTests.swift in Sources */ = {isa = PBXBuildFile; fileRef = C842B132278B7EC8007100A4 /* WorldTrotterUITestsLaunchTests.swift */; };
		C842B140278B939C007100A4 /* UIColor+Hex.swift in Sources */ = {isa = PBXBuildFile; fileRef = C842B13F278B939C007100A4 /* UIColor+Hex.swift */; };
		C842B142278B93D7007100A4 /* UIColor+custom.swift in Sources */ = {isa = PBXBuildFile; fileRef = C842B141278B93D7007100A4 /* UIColor+custom.swift */; };
/* End PBXBuildFile section */

/* Begin PBXContainerItemProxy section */
		C842B123278B7EC8007100A4 /* PBXContainerItemProxy */ = {
			isa = PBXContainerItemProxy;
			containerPortal = C842B104278B7EC7007100A4 /* Project object */;
			proxyType = 1;
			remoteGlobalIDString = C842B10B278B7EC7007100A4;
			remoteInfo = WorldTrotter;
		};
		C842B12D278B7EC8007100A4 /* PBXContainerItemProxy */ = {
			isa = PBXContainerItemProxy;
			containerPortal = C842B104278B7EC7007100A4 /* Project object */;
			proxyType = 1;
			remoteGlobalIDString = C842B10B278B7EC7007100A4;
			remoteInfo = WorldTrotter;
		};
/* End PBXContainerItemProxy section */

/* Begin PBXFileReference section */
		C842B10C278B7EC7007100A4 /* WorldTrotter.app */ = {isa = PBXFileReference; explicitFileType = wrapper.application; includeInIndex = 0; path = WorldTrotter.app; sourceTree = BUILT_PRODUCTS_DIR; };
		C842B10F278B7EC7007100A4 /* AppDelegate.swift */ = {isa = PBXFileReference; lastKnownFileType = sourcecode.swift; path = AppDelegate.swift; sourceTree = "<group>"; };
		C842B111278B7EC7007100A4 /* SceneDelegate.swift */ = {isa = PBXFileReference; lastKnownFileType = sourcecode.swift; path = SceneDelegate.swift; sourceTree = "<group>"; };
		C842B113278B7EC7007100A4 /* ViewController.swift */ = {isa = PBXFileReference; lastKnownFileType = sourcecode.swift; path = ViewController.swift; sourceTree = "<group>"; };
		C842B116278B7EC7007100A4 /* Base */ = {isa = PBXFileReference; lastKnownFileType = file.storyboard; name = Base; path = Base.lproj/Main.storyboard; sourceTree = "<group>"; };
		C842B118278B7EC8007100A4 /* Assets.xcassets */ = {isa = PBXFileReference; lastKnownFileType = folder.assetcatalog; path = Assets.xcassets; sourceTree = "<group>"; };
		C842B11B278B7EC8007100A4 /* Base */ = {isa = PBXFileReference; lastKnownFileType = file.storyboard; name = Base; path = Base.lproj/LaunchScreen.storyboard; sourceTree = "<group>"; };
		C842B11D278B7EC8007100A4 /* Info.plist */ = {isa = PBXFileReference; lastKnownFileType = text.plist.xml; path = Info.plist; sourceTree = "<group>"; };
		C842B122278B7EC8007100A4 /* WorldTrotterTests.xctest */ = {isa = PBXFileReference; explicitFileType = wrapper.cfbundle; includeInIndex = 0; path = WorldTrotterTests.xctest; sourceTree = BUILT_PRODUCTS_DIR; };
		C842B126278B7EC8007100A4 /* WorldTrotterTests.swift */ = {isa = PBXFileReference; lastKnownFileType = sourcecode.swift; path = WorldTrotterTests.swift; sourceTree = "<group>"; };
		C842B12C278B7EC8007100A4 /* WorldTrotterUITests.xctest */ = {isa = PBXFileReference; explicitFileType = wrapper.cfbundle; includeInIndex = 0; path = WorldTrotterUITests.xctest; sourceTree = BUILT_PRODUCTS_DIR; };
		C842B130278B7EC8007100A4 /* WorldTrotterUITests.swift */ = {isa = PBXFileReference; lastKnownFileType = sourcecode.swift; path = WorldTrotterUITests.swift; sourceTree = "<group>"; };
		C842B132278B7EC8007100A4 /* WorldTrotterUITestsLaunchTests.swift */ = {isa = PBXFileReference; lastKnownFileType = sourcecode.swift; path = WorldTrotterUITestsLaunchTests.swift; sourceTree = "<group>"; };
		C842B13F278B939C007100A4 /* UIColor+Hex.swift */ = {isa = PBXFileReference; lastKnownFileType = sourcecode.swift; path = "UIColor+Hex.swift"; sourceTree = "<group>"; };
		C842B141278B93D7007100A4 /* UIColor+custom.swift */ = {isa = PBXFileReference; lastKnownFileType = sourcecode.swift; path = "UIColor+custom.swift"; sourceTree = "<group>"; };
/* End PBXFileReference section */

/* Begin PBXFrameworksBuildPhase section */
		C842B109278B7EC7007100A4 /* Frameworks */ = {
			isa = PBXFrameworksBuildPhase;
			buildActionMask = 2147483647;
			files = (
			);
			runOnlyForDeploymentPostprocessing = 0;
		};
		C842B11F278B7EC8007100A4 /* Frameworks */ = {
			isa = PBXFrameworksBuildPhase;
			buildActionMask = 2147483647;
			files = (
			);
			runOnlyForDeploymentPostprocessing = 0;
		};
		C842B129278B7EC8007100A4 /* Frameworks */ = {
			isa = PBXFrameworksBuildPhase;
			buildActionMask = 2147483647;
			files = (
			);
			runOnlyForDeploymentPostprocessing = 0;
		};
/* End PBXFrameworksBuildPhase section */

/* Begin PBXGroup section */
		C842B103278B7EC7007100A4 = {
			isa = PBXGroup;
			children = (
				C842B10E278B7EC7007100A4 /* WorldTrotter */,
				C842B125278B7EC8007100A4 /* WorldTrotterTests */,
				C842B12F278B7EC8007100A4 /* WorldTrotterUITests */,
				C842B10D278B7EC7007100A4 /* Products */,
			);
			sourceTree = "<group>";
		};
		C842B10D278B7EC7007100A4 /* Products */ = {
			isa = PBXGroup;
			children = (
				C842B10C278B7EC7007100A4 /* WorldTrotter.app */,
				C842B122278B7EC8007100A4 /* WorldTrotterTests.xctest */,
				C842B12C278B7EC8007100A4 /* WorldTrotterUITests.xctest */,
			);
			name = Products;
			sourceTree = "<group>";
		};
		C842B10E278B7EC7007100A4 /* WorldTrotter */ = {
			isa = PBXGroup;
			children = (
				C842B10F278B7EC7007100A4 /* AppDelegate.swift */,
				C842B111278B7EC7007100A4 /* SceneDelegate.swift */,
				C842B113278B7EC7007100A4 /* ViewController.swift */,
				C842B13F278B939C007100A4 /* UIColor+Hex.swift */,
				C842B141278B93D7007100A4 /* UIColor+custom.swift */,
				C842B115278B7EC7007100A4 /* Main.storyboard */,
				C842B118278B7EC8007100A4 /* Assets.xcassets */,
				C842B11A278B7EC8007100A4 /* LaunchScreen.storyboard */,
				C842B11D278B7EC8007100A4 /* Info.plist */,
			);
			path = WorldTrotter;
			sourceTree = "<group>";
		};
		C842B125278B7EC8007100A4 /* WorldTrotterTests */ = {
			isa = PBXGroup;
			children = (
				C842B126278B7EC8007100A4 /* WorldTrotterTests.swift */,
			);
			path = WorldTrotterTests;
			sourceTree = "<group>";
		};
		C842B12F278B7EC8007100A4 /* WorldTrotterUITests */ = {
			isa = PBXGroup;
			children = (
				C842B130278B7EC8007100A4 /* WorldTrotterUITests.swift */,
				C842B132278B7EC8007100A4 /* WorldTrotterUITestsLaunchTests.swift */,
			);
			path = WorldTrotterUITests;
			sourceTree = "<group>";
		};
/* End PBXGroup section */

/* Begin PBXNativeTarget section */
		C842B10B278B7EC7007100A4 /* WorldTrotter */ = {
			isa = PBXNativeTarget;
			buildConfigurationList = C842B136278B7EC8007100A4 /* Build configuration list for PBXNativeTarget "WorldTrotter" */;
			buildPhases = (
				C842B108278B7EC7007100A4 /* Sources */,
				C842B109278B7EC7007100A4 /* Frameworks */,
				C842B10A278B7EC7007100A4 /* Resources */,
			);
			buildRules = (
			);
			dependencies = (
			);
			name = WorldTrotter;
			productName = WorldTrotter;
			productReference = C842B10C278B7EC7007100A4 /* WorldTrotter.app */;
			productType = "com.apple.product-type.application";
		};
		C842B121278B7EC8007100A4 /* WorldTrotterTests */ = {
			isa = PBXNativeTarget;
			buildConfigurationList = C842B139278B7EC8007100A4 /* Build configuration list for PBXNativeTarget "WorldTrotterTests" */;
			buildPhases = (
				C842B11E278B7EC8007100A4 /* Sources */,
				C842B11F278B7EC8007100A4 /* Frameworks */,
				C842B120278B7EC8007100A4 /* Resources */,
			);
			buildRules = (
			);
			dependencies = (
				C842B124278B7EC8007100A4 /* PBXTargetDependency */,
			);
			name = WorldTrotterTests;
			productName = WorldTrotterTests;
			productReference = C842B122278B7EC8007100A4 /* WorldTrotterTests.xctest */;
			productType = "com.apple.product-type.bundle.unit-test";
		};
		C842B12B278B7EC8007100A4 /* WorldTrotterUITests */ = {
			isa = PBXNativeTarget;
			buildConfigurationList = C842B13C278B7EC8007100A4 /* Build configuration list for PBXNativeTarget "WorldTrotterUITests" */;
			buildPhases = (
				C842B128278B7EC8007100A4 /* Sources */,
				C842B129278B7EC8007100A4 /* Frameworks */,
				C842B12A278B7EC8007100A4 /* Resources */,
			);
			buildRules = (
			);
			dependencies = (
				C842B12E278B7EC8007100A4 /* PBXTargetDependency */,
			);
			name = WorldTrotterUITests;
			productName = WorldTrotterUITests;
			productReference = C842B12C278B7EC8007100A4 /* WorldTrotterUITests.xctest */;
			productType = "com.apple.product-type.bundle.ui-testing";
		};
/* End PBXNativeTarget section */

/* Begin PBXProject section */
		C842B104278B7EC7007100A4 /* Project object */ = {
			isa = PBXProject;
			attributes = {
				BuildIndependentTargetsInParallel = 1;
				LastSwiftUpdateCheck = 1320;
				LastUpgradeCheck = 1320;
				TargetAttributes = {
					C842B10B278B7EC7007100A4 = {
						CreatedOnToolsVersion = 13.2.1;
					};
					C842B121278B7EC8007100A4 = {
						CreatedOnToolsVersion = 13.2.1;
						TestTargetID = C842B10B278B7EC7007100A4;
					};
					C842B12B278B7EC8007100A4 = {
						CreatedOnToolsVersion = 13.2.1;
						TestTargetID = C842B10B278B7EC7007100A4;
					};
				};
			};
			buildConfigurationList = C842B107278B7EC7007100A4 /* Build configuration list for PBXProject "WorldTrotter" */;
			compatibilityVersion = "Xcode 13.0";
			developmentRegion = en;
			hasScannedForEncodings = 0;
			knownRegions = (
				en,
				Base,
			);
			mainGroup = C842B103278B7EC7007100A4;
			productRefGroup = C842B10D278B7EC7007100A4 /* Products */;
			projectDirPath = "";
			projectRoot = "";
			targets = (
				C842B10B278B7EC7007100A4 /* WorldTrotter */,
				C842B121278B7EC8007100A4 /* WorldTrotterTests */,
				C842B12B278B7EC8007100A4 /* WorldTrotterUITests */,
			);
		};
/* End PBXProject section */

/* Begin PBXResourcesBuildPhase section */
		C842B10A278B7EC7007100A4 /* Resources */ = {
			isa = PBXResourcesBuildPhase;
			buildActionMask = 2147483647;
			files = (
				C842B11C278B7EC8007100A4 /* LaunchScreen.storyboard in Resources */,
				C842B119278B7EC8007100A4 /* Assets.xcassets in Resources */,
				C842B117278B7EC7007100A4 /* Main.storyboard in Resources */,
			);
			runOnlyForDeploymentPostprocessing = 0;
		};
		C842B120278B7EC8007100A4 /* Resources */ = {
			isa = PBXResourcesBuildPhase;
			buildActionMask = 2147483647;
			files = (
			);
			runOnlyForDeploymentPostprocessing = 0;
		};
		C842B12A278B7EC8007100A4 /* Resources */ = {
			isa = PBXResourcesBuildPhase;
			buildActionMask = 2147483647;
			files = (
			);
			runOnlyForDeploymentPostprocessing = 0;
		};
/* End PBXResourcesBuildPhase section */

/* Begin PBXSourcesBuildPhase section */
		C842B108278B7EC7007100A4 /* Sources */ = {
			isa = PBXSourcesBuildPhase;
			buildActionMask = 2147483647;
			files = (
				C842B114278B7EC7007100A4 /* ViewController.swift in Sources */,
				C842B140278B939C007100A4 /* UIColor+Hex.swift in Sources */,
				C842B110278B7EC7007100A4 /* AppDelegate.swift in Sources */,
				C842B112278B7EC7007100A4 /* SceneDelegate.swift in Sources */,
				C842B142278B93D7007100A4 /* UIColor+custom.swift in Sources */,
			);
			runOnlyForDeploymentPostprocessing = 0;
		};
		C842B11E278B7EC8007100A4 /* Sources */ = {
			isa = PBXSourcesBuildPhase;
			buildActionMask = 2147483647;
			files = (
				C842B127278B7EC8007100A4 /* WorldTrotterTests.swift in Sources */,
			);
			runOnlyForDeploymentPostprocessing = 0;
		};
		C842B128278B7EC8007100A4 /* Sources */ = {
			isa = PBXSourcesBuildPhase;
			buildActionMask = 2147483647;
			files = (
				C842B133278B7EC8007100A4 /* WorldTrotterUITestsLaunchTests.swift in Sources */,
				C842B131278B7EC8007100A4 /* WorldTrotterUITests.swift in Sources */,
			);
			runOnlyForDeploymentPostprocessing = 0;
		};
/* End PBXSourcesBuildPhase section */

/* Begin PBXTargetDependency section */
		C842B124278B7EC8007100A4 /* PBXTargetDependency */ = {
			isa = PBXTargetDependency;
			target = C842B10B278B7EC7007100A4 /* WorldTrotter */;
			targetProxy = C842B123278B7EC8007100A4 /* PBXContainerItemProxy */;
		};
		C842B12E278B7EC8007100A4 /* PBXTargetDependency */ = {
			isa = PBXTargetDependency;
			target = C842B10B278B7EC7007100A4 /* WorldTrotter */;
			targetProxy = C842B12D278B7EC8007100A4 /* PBXContainerItemProxy */;
		};
/* End PBXTargetDependency section */

/* Begin PBXVariantGroup section */
		C842B115278B7EC7007100A4 /* Main.storyboard */ = {
			isa = PBXVariantGroup;
			children = (
				C842B116278B7EC7007100A4 /* Base */,
			);
			name = Main.storyboard;
			sourceTree = "<group>";
		};
		C842B11A278B7EC8007100A4 /* LaunchScreen.storyboard */ = {
			isa = PBXVariantGroup;
			children = (
				C842B11B278B7EC8007100A4 /* Base */,
			);
			name = LaunchScreen.storyboard;
			sourceTree = "<group>";
		};
/* End PBXVariantGroup section */

/* Begin XCBuildConfiguration section */
		C842B134278B7EC8007100A4 /* Debug */ = {
			isa = XCBuildConfiguration;
			buildSettings = {
				ALWAYS_SEARCH_USER_PATHS = NO;
				CLANG_ANALYZER_NONNULL = YES;
				CLANG_ANALYZER_NUMBER_OBJECT_CONVERSION = YES_AGGRESSIVE;
				CLANG_CXX_LANGUAGE_STANDARD = "gnu++17";
				CLANG_CXX_LIBRARY = "libc++";
				CLANG_ENABLE_MODULES = YES;
				CLANG_ENABLE_OBJC_ARC = YES;
				CLANG_ENABLE_OBJC_WEAK = YES;
				CLANG_WARN_BLOCK_CAPTURE_AUTORELEASING = YES;
				CLANG_WARN_BOOL_CONVERSION = YES;
				CLANG_WARN_COMMA = YES;
				CLANG_WARN_CONSTANT_CONVERSION = YES;
				CLANG_WARN_DEPRECATED_OBJC_IMPLEMENTATIONS = YES;
				CLANG_WARN_DIRECT_OBJC_ISA_USAGE = YES_ERROR;
				CLANG_WARN_DOCUMENTATION_COMMENTS = YES;
				CLANG_WARN_EMPTY_BODY = YES;
				CLANG_WARN_ENUM_CONVERSION = YES;
				CLANG_WARN_INFINITE_RECURSION = YES;
				CLANG_WARN_INT_CONVERSION = YES;
				CLANG_WARN_NON_LITERAL_NULL_CONVERSION = YES;
				CLANG_WARN_OBJC_IMPLICIT_RETAIN_SELF = YES;
				CLANG_WARN_OBJC_LITERAL_CONVERSION = YES;
				CLANG_WARN_OBJC_ROOT_CLASS = YES_ERROR;
				CLANG_WARN_QUOTED_INCLUDE_IN_FRAMEWORK_HEADER = YES;
				CLANG_WARN_RANGE_LOOP_ANALYSIS = YES;
				CLANG_WARN_STRICT_PROTOTYPES = YES;
				CLANG_WARN_SUSPICIOUS_MOVE = YES;
				CLANG_WARN_UNGUARDED_AVAILABILITY = YES_AGGRESSIVE;
				CLANG_WARN_UNREACHABLE_CODE = YES;
				CLANG_WARN__DUPLICATE_METHOD_MATCH = YES;
				COPY_PHASE_STRIP = NO;
				DEBUG_INFORMATION_FORMAT = dwarf;
				ENABLE_STRICT_OBJC_MSGSEND = YES;
				ENABLE_TESTABILITY = YES;
				GCC_C_LANGUAGE_STANDARD = gnu11;
				GCC_DYNAMIC_NO_PIC = NO;
				GCC_NO_COMMON_BLOCKS = YES;
				GCC_OPTIMIZATION_LEVEL = 0;
				GCC_PREPROCESSOR_DEFINITIONS = (
					"DEBUG=1",
					"$(inherited)",
				);
				GCC_WARN_64_TO_32_BIT_CONVERSION = YES;
				GCC_WARN_ABOUT_RETURN_TYPE = YES_ERROR;
				GCC_WARN_UNDECLARED_SELECTOR = YES;
				GCC_WARN_UNINITIALIZED_AUTOS = YES_AGGRESSIVE;
				GCC_WARN_UNUSED_FUNCTION = YES;
				GCC_WARN_UNUSED_VARIABLE = YES;
				IPHONEOS_DEPLOYMENT_TARGET = 15.2;
				MTL_ENABLE_DEBUG_INFO = INCLUDE_SOURCE;
				MTL_FAST_MATH = YES;
				ONLY_ACTIVE_ARCH = YES;
				SDKROOT = iphoneos;
				SWIFT_ACTIVE_COMPILATION_CONDITIONS = DEBUG;
				SWIFT_OPTIMIZATION_LEVEL = "-Onone";
			};
			name = Debug;
		};
		C842B135278B7EC8007100A4 /* Release */ = {
			isa = XCBuildConfiguration;
			buildSettings = {
				ALWAYS_SEARCH_USER_PATHS = NO;
				CLANG_ANALYZER_NONNULL = YES;
				CLANG_ANALYZER_NUMBER_OBJECT_CONVERSION = YES_AGGRESSIVE;
				CLANG_CXX_LANGUAGE_STANDARD = "gnu++17";
				CLANG_CXX_LIBRARY = "libc++";
				CLANG_ENABLE_MODULES = YES;
				CLANG_ENABLE_OBJC_ARC = YES;
				CLANG_ENABLE_OBJC_WEAK = YES;
				CLANG_WARN_BLOCK_CAPTURE_AUTORELEASING = YES;
				CLANG_WARN_BOOL_CONVERSION = YES;
				CLANG_WARN_COMMA = YES;
				CLANG_WARN_CONSTANT_CONVERSION = YES;
				CLANG_WARN_DEPRECATED_OBJC_IMPLEMENTATIONS = YES;
				CLANG_WARN_DIRECT_OBJC_ISA_USAGE = YES_ERROR;
				CLANG_WARN_DOCUMENTATION_COMMENTS = YES;
				CLANG_WARN_EMPTY_BODY = YES;
				CLANG_WARN_ENUM_CONVERSION = YES;
				CLANG_WARN_INFINITE_RECURSION = YES;
				CLANG_WARN_INT_CONVERSION = YES;
				CLANG_WARN_NON_LITERAL_NULL_CONVERSION = YES;
				CLANG_WARN_OBJC_IMPLICIT_RETAIN_SELF = YES;
				CLANG_WARN_OBJC_LITERAL_CONVERSION = YES;
				CLANG_WARN_OBJC_ROOT_CLASS = YES_ERROR;
				CLANG_WARN_QUOTED_INCLUDE_IN_FRAMEWORK_HEADER = YES;
				CLANG_WARN_RANGE_LOOP_ANALYSIS = YES;
				CLANG_WARN_STRICT_PROTOTYPES = YES;
				CLANG_WARN_SUSPICIOUS_MOVE = YES;
				CLANG_WARN_UNGUARDED_AVAILABILITY = YES_AGGRESSIVE;
				CLANG_WARN_UNREACHABLE_CODE = YES;
				CLANG_WARN__DUPLICATE_METHOD_MATCH = YES;
				COPY_PHASE_STRIP = NO;
				DEBUG_INFORMATION_FORMAT = "dwarf-with-dsym";
				ENABLE_NS_ASSERTIONS = NO;
				ENABLE_STRICT_OBJC_MSGSEND = YES;
				GCC_C_LANGUAGE_STANDARD = gnu11;
				GCC_NO_COMMON_BLOCKS = YES;
				GCC_WARN_64_TO_32_BIT_CONVERSION = YES;
				GCC_WARN_ABOUT_RETURN_TYPE = YES_ERROR;
				GCC_WARN_UNDECLARED_SELECTOR = YES;
				GCC_WARN_UNINITIALIZED_AUTOS = YES_AGGRESSIVE;
				GCC_WARN_UNUSED_FUNCTION = YES;
				GCC_WARN_UNUSED_VARIABLE = YES;
				IPHONEOS_DEPLOYMENT_TARGET = 15.2;
				MTL_ENABLE_DEBUG_INFO = NO;
				MTL_FAST_MATH = YES;
				SDKROOT = iphoneos;
				SWIFT_COMPILATION_MODE = wholemodule;
				SWIFT_OPTIMIZATION_LEVEL = "-O";
				VALIDATE_PRODUCT = YES;
			};
			name = Release;
		};
		C842B137278B7EC8007100A4 /* Debug */ = {
			isa = XCBuildConfiguration;
			buildSettings = {
				ASSETCATALOG_COMPILER_APPICON_NAME = AppIcon;
				ASSETCATALOG_COMPILER_GLOBAL_ACCENT_COLOR_NAME = AccentColor;
				CODE_SIGN_STYLE = Automatic;
				CURRENT_PROJECT_VERSION = 1;
				GENERATE_INFOPLIST_FILE = YES;
				INFOPLIST_FILE = WorldTrotter/Info.plist;
				INFOPLIST_KEY_UIApplicationSupportsIndirectInputEvents = YES;
				INFOPLIST_KEY_UILaunchStoryboardName = LaunchScreen;
				INFOPLIST_KEY_UIMainStoryboardFile = Main;
				INFOPLIST_KEY_UISupportedInterfaceOrientations_iPad = "UIInterfaceOrientationPortrait UIInterfaceOrientationPortraitUpsideDown UIInterfaceOrientationLandscapeLeft UIInterfaceOrientationLandscapeRight";
				INFOPLIST_KEY_UISupportedInterfaceOrientations_iPhone = "UIInterfaceOrientationPortrait UIInterfaceOrientationLandscapeLeft UIInterfaceOrientationLandscapeRight";
				LD_RUNPATH_SEARCH_PATHS = (
					"$(inherited)",
					"@executable_path/Frameworks",
				);
				MARKETING_VERSION = 1.0;
				PRODUCT_BUNDLE_IDENTIFIER = Learning.WorldTrotter;
				PRODUCT_NAME = "$(TARGET_NAME)";
				SWIFT_EMIT_LOC_STRINGS = YES;
				SWIFT_VERSION = 5.0;
				TARGETED_DEVICE_FAMILY = "1,2";
			};
			name = Debug;
		};
		C842B138278B7EC8007100A4 /* Release */ = {
			isa = XCBuildConfiguration;
			buildSettings = {
				ASSETCATALOG_COMPILER_APPICON_NAME = AppIcon;
				ASSETCATALOG_COMPILER_GLOBAL_ACCENT_COLOR_NAME = AccentColor;
				CODE_SIGN_STYLE = Automatic;
				CURRENT_PROJECT_VERSION = 1;
				GENERATE_INFOPLIST_FILE = YES;
				INFOPLIST_FILE = WorldTrotter/Info.plist;
				INFOPLIST_KEY_UIApplicationSupportsIndirectInputEvents = YES;
				INFOPLIST_KEY_UILaunchStoryboardName = LaunchScreen;
				INFOPLIST_KEY_UIMainStoryboardFile = Main;
				INFOPLIST_KEY_UISupportedInterfaceOrientations_iPad = "UIInterfaceOrientationPortrait UIInterfaceOrientationPortraitUpsideDown UIInterfaceOrientationLandscapeLeft UIInterfaceOrientationLandscapeRight";
				INFOPLIST_KEY_UISupportedInterfaceOrientations_iPhone = "UIInterfaceOrientationPortrait UIInterfaceOrientationLandscapeLeft UIInterfaceOrientationLandscapeRight";
				LD_RUNPATH_SEARCH_PATHS = (
					"$(inherited)",
					"@executable_path/Frameworks",
				);
				MARKETING_VERSION = 1.0;
				PRODUCT_BUNDLE_IDENTIFIER = Learning.WorldTrotter;
				PRODUCT_NAME = "$(TARGET_NAME)";
				SWIFT_EMIT_LOC_STRINGS = YES;
				SWIFT_VERSION = 5.0;
				TARGETED_DEVICE_FAMILY = "1,2";
			};
			name = Release;
		};
		C842B13A278B7EC8007100A4 /* Debug */ = {
			isa = XCBuildConfiguration;
			buildSettings = {
				ALWAYS_EMBED_SWIFT_STANDARD_LIBRARIES = YES;
				BUNDLE_LOADER = "$(TEST_HOST)";
				CODE_SIGN_STYLE = Automatic;
				CURRENT_PROJECT_VERSION = 1;
				GENERATE_INFOPLIST_FILE = YES;
				IPHONEOS_DEPLOYMENT_TARGET = 15.2;
				MARKETING_VERSION = 1.0;
				PRODUCT_BUNDLE_IDENTIFIER = Learning.WorldTrotterTests;
				PRODUCT_NAME = "$(TARGET_NAME)";
				SWIFT_EMIT_LOC_STRINGS = NO;
				SWIFT_VERSION = 5.0;
				TARGETED_DEVICE_FAMILY = "1,2";
				TEST_HOST = "$(BUILT_PRODUCTS_DIR)/WorldTrotter.app/WorldTrotter";
			};
			name = Debug;
		};
		C842B13B278B7EC8007100A4 /* Release */ = {
			isa = XCBuildConfiguration;
			buildSettings = {
				ALWAYS_EMBED_SWIFT_STANDARD_LIBRARIES = YES;
				BUNDLE_LOADER = "$(TEST_HOST)";
				CODE_SIGN_STYLE = Automatic;
				CURRENT_PROJECT_VERSION = 1;
				GENERATE_INFOPLIST_FILE = YES;
				IPHONEOS_DEPLOYMENT_TARGET = 15.2;
				MARKETING_VERSION = 1.0;
				PRODUCT_BUNDLE_IDENTIFIER = Learning.WorldTrotterTests;
				PRODUCT_NAME = "$(TARGET_NAME)";
				SWIFT_EMIT_LOC_STRINGS = NO;
				SWIFT_VERSION = 5.0;
				TARGETED_DEVICE_FAMILY = "1,2";
				TEST_HOST = "$(BUILT_PRODUCTS_DIR)/WorldTrotter.app/WorldTrotter";
			};
			name = Release;
		};
		C842B13D278B7EC8007100A4 /* Debug */ = {
			isa = XCBuildConfiguration;
			buildSettings = {
				ALWAYS_EMBED_SWIFT_STANDARD_LIBRARIES = YES;
				CODE_SIGN_STYLE = Automatic;
				CURRENT_PROJECT_VERSION = 1;
				GENERATE_INFOPLIST_FILE = YES;
				MARKETING_VERSION = 1.0;
				PRODUCT_BUNDLE_IDENTIFIER = Learning.WorldTrotterUITests;
				PRODUCT_NAME = "$(TARGET_NAME)";
				SWIFT_EMIT_LOC_STRINGS = NO;
				SWIFT_VERSION = 5.0;
				TARGETED_DEVICE_FAMILY = "1,2";
				TEST_TARGET_NAME = WorldTrotter;
			};
			name = Debug;
		};
		C842B13E278B7EC8007100A4 /* Release */ = {
			isa = XCBuildConfiguration;
			buildSettings = {
				ALWAYS_EMBED_SWIFT_STANDARD_LIBRARIES = YES;
				CODE_SIGN_STYLE = Automatic;
				CURRENT_PROJECT_VERSION = 1;
				GENERATE_INFOPLIST_FILE = YES;
				MARKETING_VERSION = 1.0;
				PRODUCT_BUNDLE_IDENTIFIER = Learning.WorldTrotterUITests;
				PRODUCT_NAME = "$(TARGET_NAME)";
				SWIFT_EMIT_LOC_STRINGS = NO;
				SWIFT_VERSION = 5.0;
				TARGETED_DEVICE_FAMILY = "1,2";
				TEST_TARGET_NAME = WorldTrotter;
			};
			name = Release;
		};
/* End XCBuildConfiguration section */

/* Begin XCConfigurationList section */
		C842B107278B7EC7007100A4 /* Build configuration list for PBXProject "WorldTrotter" */ = {
			isa = XCConfigurationList;
			buildConfigurations = (
				C842B134278B7EC8007100A4 /* Debug */,
				C842B135278B7EC8007100A4 /* Release */,
			);
			defaultConfigurationIsVisible = 0;
			defaultConfigurationName = Release;
		};
		C842B136278B7EC8007100A4 /* Build configuration list for PBXNativeTarget "WorldTrotter" */ = {
			isa = XCConfigurationList;
			buildConfigurations = (
				C842B137278B7EC8007100A4 /* Debug */,
				C842B138278B7EC8007100A4 /* Release */,
			);
			defaultConfigurationIsVisible = 0;
			defaultConfigurationName = Release;
		};
		C842B139278B7EC8007100A4 /* Build configuration list for PBXNativeTarget "WorldTrotterTests" */ = {
			isa = XCConfigurationList;
			buildConfigurations = (
				C842B13A278B7EC8007100A4 /* Debug */,
				C842B13B278B7EC8007100A4 /* Release */,
			);
			defaultConfigurationIsVisible = 0;
			defaultConfigurationName = Release;
		};
		C842B13C278B7EC8007100A4 /* Build configuration list for PBXNativeTarget "WorldTrotterUITests" */ = {
			isa = XCConfigurationList;
			buildConfigurations = (
				C842B13D278B7EC8007100A4 /* Debug */,
				C842B13E278B7EC8007100A4 /* Release */,
			);
			defaultConfigurationIsVisible = 0;
			defaultConfigurationName = Release;
		};
/* End XCConfigurationList section */
	};
	rootObject = C842B104278B7EC7007100A4 /* Project object */;
}
